{
  "name": "LL-1.5",
  "lockfileVersion": 3,
  "requires": true,
  "packages": {
    "": {
      "dependencies": {
        "convert-hex": "^0.1.0",
        "cryptify": "^4.1.2",
        "crypto": "^1.0.1",
        "detect-file-encoding-and-language": "^2.3.3",
        "nodejs-base64-converter": "^1.0.5"
      }
    },
    "node_modules/commander": {
      "version": "5.1.0",
      "resolved": "https://registry.npmjs.org/commander/-/commander-5.1.0.tgz",
      "integrity": "sha512-P0CysNDQ7rtVw4QIQtm+MRxV66vKFSvlsQvGYXZWR3qFU0jlMKHZZZgw8e+8DSah4UDKMqnknRDQz+xuQXQ/Zg==",
      "engines": {
        "node": ">= 6"
      }
    },
    "node_modules/convert-hex": {
      "version": "0.1.0",
      "resolved": "https://registry.npmjs.org/convert-hex/-/convert-hex-0.1.0.tgz",
      "integrity": "sha512-w20BOb1PiR/sEJdS6wNrUjF5CSfscZFUp7R9NSlXH8h2wynzXVEPFPJECAnkNylZ+cvf3p7TyRUHggDmrwXT9A=="
    },
    "node_modules/cryptify": {
      "version": "4.1.2",
      "resolved": "https://registry.npmjs.org/cryptify/-/cryptify-4.1.2.tgz",
      "integrity": "sha512-+fF5aEEvWl//B5dDPyI6GaJssBRXq5yu6EaOqzIKsX/B4dFJJJt9o71MiptEA1TYkhE8/yFnzIVCsTEggJhTFA==",
      "dependencies": {
        "commander": "^5.0.0"
      },
      "bin": {
        "cryptify": "cli.js"
      },
      "engines": {
        "node": ">= 10.0.0",
        "npm": ">= 6.0.0"
      }
    },
    "node_modules/crypto": {
      "version": "1.0.1",
      "resolved": "https://registry.npmjs.org/crypto/-/crypto-1.0.1.tgz",
      "integrity": "sha512-VxBKmeNcqQdiUQUW2Tzq0t377b54N2bMtXO/qiLa+6eRRmmC4qT3D4OnTGoT/U6O9aklQ/jTwbOtRMTTY8G0Ig==",
      "deprecated": "This package is no longer supported. It's now a built-in Node module. If you've depended on crypto, you should switch to the one that's built-in."
    },
    "node_modules/detect-file-encoding-and-language": {
      "version": "2.3.3",
      "resolved": "https://registry.npmjs.org/detect-file-encoding-and-language/-/detect-file-encoding-and-language-2.3.3.tgz",
      "integrity": "sha512-gRw97Yu5wP2/jOIVCjBKlF0UlumI9p/UKj+AvFNEJIwvktdUvBf1yuRtljIUoUwEM/dy0vHtrsDlaEoxXflP3Q==",
      "bin": {
        "dfeal": "bin/cli.js"
      }
    },
    "node_modules/nodejs-base64-converter": {
      "version": "1.0.5",
      "resolved": "https://registry.npmjs.org/nodejs-base64-converter/-/nodejs-base64-converter-1.0.5.tgz",
      "integrity": "sha512-6WBDE/pWg944rvdrjw5XyhEl2mSITD25xSF38s0U0QffCniuQy0T4qY3E3K77cQjJxnvkLpsEED/PnFrj63JhQ=="
    }
  }
}
